
Microsoft Visual Studio Solution File, Format Version 12.00
# Visual Studio Version 17
VisualStudioVersion = 17.14.36518.9
MinimumVisualStudioVersion = 10.0.40219.1
Project("{FAE04EC0-301F-11D3-BF4B-00C04F79EFBC}") = "Kakeibo", "Kakeibo.csproj", "{9455B010-C6F2-479D-95BF-FD3FB143875F}"
EndProject
Global
	GlobalSection(SolutionConfigurationPlatforms) = preSolution
		Debug|Any CPU = Debug|Any CPU
		Release|Any CPU = Release|Any CPU
	EndGlobalSection
	GlobalSection(ProjectConfigurationPlatforms) = postSolution
		{9455B010-C6F2-479D-95BF-FD3FB143875F}.Debug|Any CPU.ActiveCfg = Debug|Any CPU
		{9455B010-C6F2-479D-95BF-FD3FB143875F}.Debug|Any CPU.Build.0 = Debug|Any CPU
		{9455B010-C6F2-479D-95BF-FD3FB143875F}.Release|Any CPU.ActiveCfg = Release|Any CPU
		{9455B010-C6F2-479D-95BF-FD3FB143875F}.Release|Any CPU.Build.0 = Release|Any CPU
	EndGlobalSection
	GlobalSection(SolutionProperties) = preSolution
		HideSolutionNode = FALSE
	EndGlobalSection
	GlobalSection(ExtensibilityGlobals) = postSolution
		SolutionGuid = {506B1791-16E3-4C21-87EF-F7923F48376E}
	EndGlobalSection
EndGlobal
